github.com/arcology-network/common-lib v1.9.0 h1:dwc45GCrbagdqq9o9TPEGtr+3WCKXDcU+JzSywCBQOE=
github.com/arcology-network/common-lib v1.9.0/go.mod h1:/SRTmtNYGLjIc7C8EeDaYv8fN9cvWUY2J/SP2+5f3tw=
github.com/arcology-network/common-lib v1.9.1-0.20240227214403-5d55d6dab14a h1:gS/gtT+eXG2s+4h+O8CTgJJ2lktn/knVYj66TG1WbsE=
github.com/arcology-network/common-lib v1.9.1-0.20240227214403-5d55d6dab14a/go.mod h1:HYzgTi5C91ywMcT7VPn2p42PL2V976VMzWOaI/l4l5k=
